
Microsoft Visual Studio Solution File, Format Version 12.00
# Visual Studio Version 16
VisualStudioVersion = 16.0.30011.22
MinimumVisualStudioVersion = 10.0.40219.1
Project("{FAE04EC0-301F-11D3-BF4B-00C04F79EFBC}") = "MessageConsole", "MessageConsole\MessageConsole.csproj", "{D781337A-4856-4C12-A793-1465F9DC7836}"
EndProject
Global
	GlobalSection(SolutionConfigurationPlatforms) = preSolution
		Debug|Any CPU = Debug|Any CPU
		Release|Any CPU = Release|Any CPU
	EndGlobalSection
	GlobalSection(ProjectConfigurationPlatforms) = postSolution
		{D781337A-4856-4C12-A793-1465F9DC7836}.Debug|Any CPU.ActiveCfg = Debug|Any CPU
		{D781337A-4856-4C12-A793-1465F9DC7836}.Debug|Any CPU.Build.0 = Debug|Any CPU
		{D781337A-4856-4C12-A793-1465F9DC7836}.Release|Any CPU.ActiveCfg = Release|Any CPU
		{D781337A-4856-4C12-A793-1465F9DC7836}.Release|Any CPU.Build.0 = Release|Any CPU
	EndGlobalSection
	GlobalSection(SolutionProperties) = preSolution
		HideSolutionNode = FALSE
	EndGlobalSection
	GlobalSection(ExtensibilityGlobals) = postSolution
		SolutionGuid = {0B03D474-0B7C-41F0-A903-DA2BD415F069}
	EndGlobalSection
EndGlobal
